
Microsoft Visual Studio Solution File, Format Version 12.00
# Visual Studio Version 17
VisualStudioVersion = 17.7.34009.444
MinimumVisualStudioVersion = 10.0.40219.1
Project("{8BC9CEB8-8B4A-11D0-8D11-00A0C91BC942}") = "RISE_DX112D_KatanaZero", "RISE_DX112D_KatanaZero\RISE_DX112D_KatanaZero.vcxproj", "{1BBBB1A2-5D4E-4380-9A92-CADC1DC4E355}"
	ProjectSection(ProjectDependencies) = postProject
		{43E95582-82FC-46C5-A7CA-7D887CD0432B} = {43E95582-82FC-46C5-A7CA-7D887CD0432B}
		{A1ABC021-AE38-4262-9CF3-BF96F0A5CE90} = {A1ABC021-AE38-4262-9CF3-BF96F0A5CE90}
		{A4198B71-D72C-4C1A-9FA2-6A2A1290C0E7} = {A4198B71-D72C-4C1A-9FA2-6A2A1290C0E7}
		{B1E3C61A-C8FC-4963-9F8C-24D509EE580C} = {B1E3C61A-C8FC-4963-9F8C-24D509EE580C}
	EndProjectSection
EndProject
Project("{8BC9CEB8-8B4A-11D0-8D11-00A0C91BC942}") = "GameEngineBase", "GameEngineBase\GameEngineBase.vcxproj", "{43E95582-82FC-46C5-A7CA-7D887CD0432B}"
EndProject
Project("{8BC9CEB8-8B4A-11D0-8D11-00A0C91BC942}") = "GameEnginePlatform", "GameEnginePlatform\GameEnginePlatform.vcxproj", "{A4198B71-D72C-4C1A-9FA2-6A2A1290C0E7}"
	ProjectSection(ProjectDependencies) = postProject
		{43E95582-82FC-46C5-A7CA-7D887CD0432B} = {43E95582-82FC-46C5-A7CA-7D887CD0432B}
	EndProjectSection
EndProject
Project("{8BC9CEB8-8B4A-11D0-8D11-00A0C91BC942}") = "GameEngineCore", "GameEngineCore\GameEngineCore.vcxproj", "{B1E3C61A-C8FC-4963-9F8C-24D509EE580C}"
	ProjectSection(ProjectDependencies) = postProject
		{43E95582-82FC-46C5-A7CA-7D887CD0432B} = {43E95582-82FC-46C5-A7CA-7D887CD0432B}
		{A4198B71-D72C-4C1A-9FA2-6A2A1290C0E7} = {A4198B71-D72C-4C1A-9FA2-6A2A1290C0E7}
	EndProjectSection
EndProject
Project("{8BC9CEB8-8B4A-11D0-8D11-00A0C91BC942}") = "GameEngineCoreShader", "GameEngineCoreShader\GameEngineCoreShader.vcxproj", "{02B63468-E569-4E56-AAA3-D398473BAF95}"
EndProject
Project("{8BC9CEB8-8B4A-11D0-8D11-00A0C91BC942}") = "GameEngineContents", "GameEngineContents\GameEngineContents.vcxproj", "{A1ABC021-AE38-4262-9CF3-BF96F0A5CE90}"
	ProjectSection(ProjectDependencies) = postProject
		{43E95582-82FC-46C5-A7CA-7D887CD0432B} = {43E95582-82FC-46C5-A7CA-7D887CD0432B}
		{A4198B71-D72C-4C1A-9FA2-6A2A1290C0E7} = {A4198B71-D72C-4C1A-9FA2-6A2A1290C0E7}
	EndProjectSection
EndProject
Project("{2150E333-8FDC-42A3-9474-1A3956D46DE8}") = "LevelN", "LevelN", "{ADEF0EE4-73B7-490E-9FA9-02B0FA9EE13E}"
EndProject
Project("{2150E333-8FDC-42A3-9474-1A3956D46DE8}") = "Level4", "Level4", "{07012C86-2256-46C0-8D97-FCF662B1AAAA}"
EndProject
Project("{2150E333-8FDC-42A3-9474-1A3956D46DE8}") = "Level1", "Level1", "{B8E878F9-18F0-46B6-ABFD-5E922F60A86B}"
EndProject
Project("{2150E333-8FDC-42A3-9474-1A3956D46DE8}") = "Level2", "Level2", "{B5EC10EC-D05F-46FE-A982-3389C52E6098}"
EndProject
Project("{2150E333-8FDC-42A3-9474-1A3956D46DE8}") = "Level3", "Level3", "{BD7735CE-B0EB-4164-9DEF-2BCB1FCA7037}"
EndProject
Global
	GlobalSection(SolutionConfigurationPlatforms) = preSolution
		Debug|x64 = Debug|x64
		Debug|x86 = Debug|x86
		Release|x64 = Release|x64
		Release|x86 = Release|x86
	EndGlobalSection
	GlobalSection(ProjectConfigurationPlatforms) = postSolution
		{1BBBB1A2-5D4E-4380-9A92-CADC1DC4E355}.Debug|x64.ActiveCfg = Debug|x64
		{1BBBB1A2-5D4E-4380-9A92-CADC1DC4E355}.Debug|x64.Build.0 = Debug|x64
		{1BBBB1A2-5D4E-4380-9A92-CADC1DC4E355}.Debug|x86.ActiveCfg = Debug|Win32
		{1BBBB1A2-5D4E-4380-9A92-CADC1DC4E355}.Debug|x86.Build.0 = Debug|Win32
		{1BBBB1A2-5D4E-4380-9A92-CADC1DC4E355}.Release|x64.ActiveCfg = Release|x64
		{1BBBB1A2-5D4E-4380-9A92-CADC1DC4E355}.Release|x64.Build.0 = Release|x64
		{1BBBB1A2-5D4E-4380-9A92-CADC1DC4E355}.Release|x86.ActiveCfg = Release|Win32
		{1BBBB1A2-5D4E-4380-9A92-CADC1DC4E355}.Release|x86.Build.0 = Release|Win32
		{43E95582-82FC-46C5-A7CA-7D887CD0432B}.Debug|x64.ActiveCfg = Debug|x64
		{43E95582-82FC-46C5-A7CA-7D887CD0432B}.Debug|x64.Build.0 = Debug|x64
		{43E95582-82FC-46C5-A7CA-7D887CD0432B}.Debug|x86.ActiveCfg = Debug|Win32
		{43E95582-82FC-46C5-A7CA-7D887CD0432B}.Debug|x86.Build.0 = Debug|Win32
		{43E95582-82FC-46C5-A7CA-7D887CD0432B}.Release|x64.ActiveCfg = Release|x64
		{43E95582-82FC-46C5-A7CA-7D887CD0432B}.Release|x64.Build.0 = Release|x64
		{43E95582-82FC-46C5-A7CA-7D887CD0432B}.Release|x86.ActiveCfg = Release|Win32
		{43E95582-82FC-46C5-A7CA-7D887CD0432B}.Release|x86.Build.0 = Release|Win32
		{A4198B71-D72C-4C1A-9FA2-6A2A1290C0E7}.Debug|x64.ActiveCfg = Debug|x64
		{A4198B71-D72C-4C1A-9FA2-6A2A1290C0E7}.Debug|x64.Build.0 = Debug|x64
		{A4198B71-D72C-4C1A-9FA2-6A2A1290C0E7}.Debug|x86.ActiveCfg = Debug|Win32
		{A4198B71-D72C-4C1A-9FA2-6A2A1290C0E7}.Debug|x86.Build.0 = Debug|Win32
		{A4198B71-D72C-4C1A-9FA2-6A2A1290C0E7}.Release|x64.ActiveCfg = Release|x64
		{A4198B71-D72C-4C1A-9FA2-6A2A1290C0E7}.Release|x64.Build.0 = Release|x64
		{A4198B71-D72C-4C1A-9FA2-6A2A1290C0E7}.Release|x86.ActiveCfg = Release|Win32
		{A4198B71-D72C-4C1A-9FA2-6A2A1290C0E7}.Release|x86.Build.0 = Release|Win32
		{B1E3C61A-C8FC-4963-9F8C-24D509EE580C}.Debug|x64.ActiveCfg = Debug|x64
		{B1E3C61A-C8FC-4963-9F8C-24D509EE580C}.Debug|x64.Build.0 = Debug|x64
		{B1E3C61A-C8FC-4963-9F8C-24D509EE580C}.Debug|x86.ActiveCfg = Debug|Win32
		{B1E3C61A-C8FC-4963-9F8C-24D509EE580C}.Debug|x86.Build.0 = Debug|Win32
		{B1E3C61A-C8FC-4963-9F8C-24D509EE580C}.Release|x64.ActiveCfg = Release|x64
		{B1E3C61A-C8FC-4963-9F8C-24D509EE580C}.Release|x64.Build.0 = Release|x64
		{B1E3C61A-C8FC-4963-9F8C-24D509EE580C}.Release|x86.ActiveCfg = Release|Win32
		{B1E3C61A-C8FC-4963-9F8C-24D509EE580C}.Release|x86.Build.0 = Release|Win32
		{02B63468-E569-4E56-AAA3-D398473BAF95}.Debug|x64.ActiveCfg = Debug|x64
		{02B63468-E569-4E56-AAA3-D398473BAF95}.Debug|x64.Build.0 = Debug|x64
		{02B63468-E569-4E56-AAA3-D398473BAF95}.Debug|x86.ActiveCfg = Debug|Win32
		{02B63468-E569-4E56-AAA3-D398473BAF95}.Debug|x86.Build.0 = Debug|Win32
		{02B63468-E569-4E56-AAA3-D398473BAF95}.Release|x64.ActiveCfg = Release|x64
		{02B63468-E569-4E56-AAA3-D398473BAF95}.Release|x64.Build.0 = Release|x64
		{02B63468-E569-4E56-AAA3-D398473BAF95}.Release|x86.ActiveCfg = Release|Win32
		{02B63468-E569-4E56-AAA3-D398473BAF95}.Release|x86.Build.0 = Release|Win32
		{A1ABC021-AE38-4262-9CF3-BF96F0A5CE90}.Debug|x64.ActiveCfg = Debug|x64
		{A1ABC021-AE38-4262-9CF3-BF96F0A5CE90}.Debug|x64.Build.0 = Debug|x64
		{A1ABC021-AE38-4262-9CF3-BF96F0A5CE90}.Debug|x86.ActiveCfg = Debug|Win32
		{A1ABC021-AE38-4262-9CF3-BF96F0A5CE90}.Debug|x86.Build.0 = Debug|Win32
		{A1ABC021-AE38-4262-9CF3-BF96F0A5CE90}.Release|x64.ActiveCfg = Release|x64
		{A1ABC021-AE38-4262-9CF3-BF96F0A5CE90}.Release|x64.Build.0 = Release|x64
		{A1ABC021-AE38-4262-9CF3-BF96F0A5CE90}.Release|x86.ActiveCfg = Release|Win32
		{A1ABC021-AE38-4262-9CF3-BF96F0A5CE90}.Release|x86.Build.0 = Release|Win32
	EndGlobalSection
	GlobalSection(SolutionProperties) = preSolution
		HideSolutionNode = FALSE
	EndGlobalSection
	GlobalSection(NestedProjects) = preSolution
		{1BBBB1A2-5D4E-4380-9A92-CADC1DC4E355} = {ADEF0EE4-73B7-490E-9FA9-02B0FA9EE13E}
		{43E95582-82FC-46C5-A7CA-7D887CD0432B} = {B8E878F9-18F0-46B6-ABFD-5E922F60A86B}
		{A4198B71-D72C-4C1A-9FA2-6A2A1290C0E7} = {B5EC10EC-D05F-46FE-A982-3389C52E6098}
		{B1E3C61A-C8FC-4963-9F8C-24D509EE580C} = {BD7735CE-B0EB-4164-9DEF-2BCB1FCA7037}
		{02B63468-E569-4E56-AAA3-D398473BAF95} = {BD7735CE-B0EB-4164-9DEF-2BCB1FCA7037}
		{A1ABC021-AE38-4262-9CF3-BF96F0A5CE90} = {07012C86-2256-46C0-8D97-FCF662B1AAAA}
	EndGlobalSection
	GlobalSection(ExtensibilityGlobals) = postSolution
		SolutionGuid = {AE40ADB4-4774-41F3-90DF-801A9940B5C2}
	EndGlobalSection
EndGlobal
