<?xml version="1.0" encoding="utf-8"?>
<Project ToolsVersion="4.0" xmlns="http://schemas.microsoft.com/developer/msbuild/2003">
  <ItemGroup>
    <ClCompile Include="PreCompile.cpp" />
    <ClCompile Include="ContentsCore.cpp" />
    <ClCompile Include="PlayLevel.cpp">
      <Filter>01.Level</Filter>
    </ClCompile>
    <ClCompile Include="TitleLevel.cpp">
      <Filter>01.Level</Filter>
    </ClCompile>
    <ClCompile Include="PlayMap.cpp">
      <Filter>02.Object</Filter>
    </ClCompile>
    <ClCompile Include="UI_Title_Background.cpp">
      <Filter>03.UI\Title</Filter>
    </ClCompile>
    <ClCompile Include="MainLevel1_1.cpp">
      <Filter>01.Level</Filter>
    </ClCompile>
    <ClCompile Include="MainLevel2_1.cpp">
      <Filter>01.Level</Filter>
    </ClCompile>
    <ClCompile Include="MainLevel2_2.cpp">
      <Filter>01.Level</Filter>
    </ClCompile>
    <ClCompile Include="MainLevel2_3.cpp">
      <Filter>01.Level</Filter>
    </ClCompile>
    <ClCompile Include="MainLevel2_4.cpp">
      <Filter>01.Level</Filter>
    </ClCompile>
    <ClCompile Include="MainLevel2_5.cpp">
      <Filter>01.Level</Filter>
    </ClCompile>
    <ClCompile Include="Map.cpp">
      <Filter>00.Global</Filter>
    </ClCompile>
    <ClCompile Include="Player.cpp">
      <Filter>02.Object\Player</Filter>
    </ClCompile>
    <ClCompile Include="Pawn.cpp">
      <Filter>02.Object\Player</Filter>
    </ClCompile>
    <ClCompile Include="Character.cpp">
      <Filter>02.Object\Player</Filter>
    </ClCompile>
    <ClCompile Include="Player_State.cpp">
      <Filter>02.Object\Player</Filter>
    </ClCompile>
    <ClCompile Include="SkyMap.cpp">
      <Filter>02.Object</Filter>
    </ClCompile>
    <ClCompile Include="Enemy.cpp">
      <Filter>02.Object\Enemy</Filter>
    </ClCompile>
  </ItemGroup>
  <ItemGroup>
    <ClInclude Include="PreCompile.h" />
    <ClInclude Include="ContentsCore.h" />
    <ClInclude Include="PlayLevel.h">
      <Filter>01.Level</Filter>
    </ClInclude>
    <ClInclude Include="TitleLevel.h">
      <Filter>01.Level</Filter>
    </ClInclude>
    <ClInclude Include="PlayMap.h">
      <Filter>02.Object</Filter>
    </ClInclude>
    <ClInclude Include="UI_Title_Background.h">
      <Filter>03.UI\Title</Filter>
    </ClInclude>
    <ClInclude Include="MainLevel1_1.h">
      <Filter>01.Level</Filter>
    </ClInclude>
    <ClInclude Include="MainLevel2_1.h">
      <Filter>01.Level</Filter>
    </ClInclude>
    <ClInclude Include="MainLevel2_2.h">
      <Filter>01.Level</Filter>
    </ClInclude>
    <ClInclude Include="MainLevel2_3.h">
      <Filter>01.Level</Filter>
    </ClInclude>
    <ClInclude Include="MainLevel2_4.h">
      <Filter>01.Level</Filter>
    </ClInclude>
    <ClInclude Include="MainLevel2_5.h">
      <Filter>01.Level</Filter>
    </ClInclude>
    <ClInclude Include="Map.h">
      <Filter>00.Global</Filter>
    </ClInclude>
    <ClInclude Include="ContentsDefine.h">
      <Filter>00.Global</Filter>
    </ClInclude>
    <ClInclude Include="Player.h">
      <Filter>02.Object\Player</Filter>
    </ClInclude>
    <ClInclude Include="Pawn.h">
      <Filter>02.Object\Player</Filter>
    </ClInclude>
    <ClInclude Include="Character.h">
      <Filter>02.Object\Player</Filter>
    </ClInclude>
    <ClInclude Include="ContentsEnum.h">
      <Filter>00.Global</Filter>
    </ClInclude>
    <ClInclude Include="SkyMap.h">
      <Filter>02.Object</Filter>
    </ClInclude>
    <ClInclude Include="Enemy.h">
      <Filter>02.Object\Enemy</Filter>
    </ClInclude>
  </ItemGroup>
  <ItemGroup>
    <Filter Include="00.Global">
      <UniqueIdentifier>{71597012-1d39-4977-8f45-ec5a6617c936}</UniqueIdentifier>
    </Filter>
    <Filter Include="01.Level">
      <UniqueIdentifier>{c9a2e832-8d6b-49de-ac34-3e11f6f95c4b}</UniqueIdentifier>
    </Filter>
    <Filter Include="02.Object">
      <UniqueIdentifier>{5149ea30-97f1-47b8-922c-87826f277675}</UniqueIdentifier>
    </Filter>
    <Filter Include="03.UI">
      <UniqueIdentifier>{8bc2d497-3d7d-4fdd-8b11-c7474b470b29}</UniqueIdentifier>
    </Filter>
    <Filter Include="03.UI\Title">
      <UniqueIdentifier>{05c09327-e363-42f1-bf1b-dfea311d2de5}</UniqueIdentifier>
    </Filter>
    <Filter Include="02.Object\Player">
      <UniqueIdentifier>{6ffefeda-0f7d-4951-8bbb-972d67a5f3ae}</UniqueIdentifier>
    </Filter>
    <Filter Include="02.Object\Enemy">
      <UniqueIdentifier>{0e83b130-3756-42a6-9a2c-3253ad1d983a}</UniqueIdentifier>
    </Filter>
  </ItemGroup>
</Project>