<?xml version="1.0" encoding="utf-8"?>
<Project ToolsVersion="4.0" xmlns="http://schemas.microsoft.com/developer/msbuild/2003">
  <ItemGroup>
    <ClCompile Include="PlayLevel.cpp">
      <Filter>01.Level</Filter>
    </ClCompile>
    <ClCompile Include="TitleLevel.cpp">
      <Filter>01.Level</Filter>
    </ClCompile>
    <ClCompile Include="PlayMap.cpp">
      <Filter>02.Object</Filter>
    </ClCompile>
    <ClCompile Include="UI_Title_Background.cpp">
      <Filter>03.UI\Title</Filter>
    </ClCompile>
    <ClCompile Include="MainLevel1_1.cpp">
      <Filter>01.Level</Filter>
    </ClCompile>
    <ClCompile Include="MainLevel2_1.cpp">
      <Filter>01.Level</Filter>
    </ClCompile>
    <ClCompile Include="MainLevel2_2.cpp">
      <Filter>01.Level</Filter>
    </ClCompile>
    <ClCompile Include="MainLevel2_3.cpp">
      <Filter>01.Level</Filter>
    </ClCompile>
    <ClCompile Include="MainLevel2_4.cpp">
      <Filter>01.Level</Filter>
    </ClCompile>
    <ClCompile Include="MainLevel2_5.cpp">
      <Filter>01.Level</Filter>
    </ClCompile>
    <ClCompile Include="Map.cpp">
      <Filter>00.Global</Filter>
    </ClCompile>
    <ClCompile Include="Player_State.cpp">
      <Filter>02.Object\Character\Player</Filter>
    </ClCompile>
    <ClCompile Include="SkyMap.cpp">
      <Filter>02.Object</Filter>
    </ClCompile>
    <ClCompile Include="Enemy.cpp">
      <Filter>02.Object\Character\Enemy</Filter>
    </ClCompile>
    <ClCompile Include="Portal.cpp">
      <Filter>02.Object\Interactable</Filter>
    </ClCompile>
    <ClCompile Include="Door.cpp">
      <Filter>02.Object\Interactable</Filter>
    </ClCompile>
    <ClCompile Include="InteractableObject.cpp">
      <Filter>02.Object\Interactable</Filter>
    </ClCompile>
    <ClCompile Include="UI_Mouse.cpp">
      <Filter>03.UI\GlobalUI</Filter>
    </ClCompile>
    <ClCompile Include="UI_Title_Rain.cpp">
      <Filter>03.UI\Title</Filter>
    </ClCompile>
    <ClCompile Include="PlayerAttack.cpp">
      <Filter>02.Object\Character\Player</Filter>
    </ClCompile>
    <ClCompile Include="UI_PlayUI.cpp">
      <Filter>03.UI\GlobalUI</Filter>
    </ClCompile>
    <ClCompile Include="UI_FadeObject.cpp">
      <Filter>03.UI\GlobalUI</Filter>
    </ClCompile>
    <ClCompile Include="UITrigger.cpp">
      <Filter>02.Object\Interactable</Filter>
    </ClCompile>
    <ClCompile Include="UI_StageName.cpp">
      <Filter>03.UI\GlobalUI</Filter>
    </ClCompile>
    <ClCompile Include="UI_NowPlayingSong.cpp">
      <Filter>03.UI\GlobalUI</Filter>
    </ClCompile>
    <ClCompile Include="WallHole.cpp">
      <Filter>02.Object\LevelObject\MainLevel2_3</Filter>
    </ClCompile>
    <ClCompile Include="FX_Explosion.cpp">
      <Filter>02.Object\FX</Filter>
    </ClCompile>
    <ClCompile Include="Pawn.cpp">
      <Filter>02.Object\Character</Filter>
    </ClCompile>
    <ClCompile Include="JobFolder.cpp">
      <Filter>02.Object\LevelObject</Filter>
    </ClCompile>
    <ClCompile Include="PinPointLight.cpp">
      <Filter>02.Object\LevelObject</Filter>
    </ClCompile>
    <ClCompile Include="Bullet.cpp">
      <Filter>02.Object\Character\CharacterSubObj</Filter>
    </ClCompile>
    <ClCompile Include="Character.cpp">
      <Filter>02.Object\Character</Filter>
    </ClCompile>
    <ClCompile Include="Player.cpp">
      <Filter>02.Object\Character\Player</Filter>
    </ClCompile>
    <ClCompile Include="PreCompile.cpp">
      <Filter>00.Global</Filter>
    </ClCompile>
    <ClCompile Include="GameStateManager.cpp">
      <Filter>00.Global</Filter>
    </ClCompile>
    <ClCompile Include="ContentsCore.cpp">
      <Filter>00.Global</Filter>
    </ClCompile>
    <ClCompile Include="BaseLevel.cpp">
      <Filter>01.Level</Filter>
    </ClCompile>
    <ClCompile Include="DebugWindow.cpp">
      <Filter>03.UI\DebugUI</Filter>
    </ClCompile>
    <ClCompile Include="HUD_Battery.cpp">
      <Filter>02.Object\Global\HUD</Filter>
    </ClCompile>
    <ClCompile Include="UI_HUD.cpp">
      <Filter>02.Object\Global\HUD</Filter>
    </ClCompile>
    <ClCompile Include="FSM_Player.cpp">
      <Filter>02.Object\Character\Player</Filter>
    </ClCompile>
    <ClCompile Include="UI_StageClear.cpp">
      <Filter>03.UI\GlobalUI</Filter>
    </ClCompile>
    <ClCompile Include="FSM_Enemy.cpp">
      <Filter>02.Object\Character\Enemy</Filter>
    </ClCompile>
    <ClCompile Include="EnemyAttack.cpp">
      <Filter>02.Object\Character\Enemy</Filter>
    </ClCompile>
    <ClCompile Include="Attack.cpp">
      <Filter>02.Object\Character\CharacterSubObj</Filter>
    </ClCompile>
    <ClCompile Include="Laser.cpp">
      <Filter>02.Object\LevelObject\MainLevel2_4</Filter>
    </ClCompile>
    <ClCompile Include="LaserGroup.cpp">
      <Filter>02.Object\LevelObject\MainLevel2_4</Filter>
    </ClCompile>
    <ClCompile Include="FloorTurret.cpp">
      <Filter>02.Object\LevelObject\MainLevel2_4</Filter>
    </ClCompile>
  </ItemGroup>
  <ItemGroup>
    <ClInclude Include="PlayLevel.h">
      <Filter>01.Level</Filter>
    </ClInclude>
    <ClInclude Include="TitleLevel.h">
      <Filter>01.Level</Filter>
    </ClInclude>
    <ClInclude Include="PlayMap.h">
      <Filter>02.Object</Filter>
    </ClInclude>
    <ClInclude Include="UI_Title_Background.h">
      <Filter>03.UI\Title</Filter>
    </ClInclude>
    <ClInclude Include="MainLevel1_1.h">
      <Filter>01.Level</Filter>
    </ClInclude>
    <ClInclude Include="MainLevel2_1.h">
      <Filter>01.Level</Filter>
    </ClInclude>
    <ClInclude Include="MainLevel2_2.h">
      <Filter>01.Level</Filter>
    </ClInclude>
    <ClInclude Include="MainLevel2_3.h">
      <Filter>01.Level</Filter>
    </ClInclude>
    <ClInclude Include="MainLevel2_4.h">
      <Filter>01.Level</Filter>
    </ClInclude>
    <ClInclude Include="MainLevel2_5.h">
      <Filter>01.Level</Filter>
    </ClInclude>
    <ClInclude Include="Map.h">
      <Filter>00.Global</Filter>
    </ClInclude>
    <ClInclude Include="ContentsDefine.h">
      <Filter>00.Global</Filter>
    </ClInclude>
    <ClInclude Include="ContentsEnum.h">
      <Filter>00.Global</Filter>
    </ClInclude>
    <ClInclude Include="SkyMap.h">
      <Filter>02.Object</Filter>
    </ClInclude>
    <ClInclude Include="Enemy.h">
      <Filter>02.Object\Character\Enemy</Filter>
    </ClInclude>
    <ClInclude Include="Portal.h">
      <Filter>02.Object\Interactable</Filter>
    </ClInclude>
    <ClInclude Include="Door.h">
      <Filter>02.Object\Interactable</Filter>
    </ClInclude>
    <ClInclude Include="InteractableObject.h">
      <Filter>02.Object\Interactable</Filter>
    </ClInclude>
    <ClInclude Include="UI_Mouse.h">
      <Filter>03.UI\GlobalUI</Filter>
    </ClInclude>
    <ClInclude Include="UI_Title_Rain.h">
      <Filter>03.UI\Title</Filter>
    </ClInclude>
    <ClInclude Include="PlayerAttack.h">
      <Filter>02.Object\Character\Player</Filter>
    </ClInclude>
    <ClInclude Include="UI_PlayUI.h">
      <Filter>03.UI\GlobalUI</Filter>
    </ClInclude>
    <ClInclude Include="UI_FadeObject.h">
      <Filter>03.UI\GlobalUI</Filter>
    </ClInclude>
    <ClInclude Include="ContentsValue.h">
      <Filter>00.Global</Filter>
    </ClInclude>
    <ClInclude Include="UITrigger.h">
      <Filter>02.Object\Interactable</Filter>
    </ClInclude>
    <ClInclude Include="UI_StageName.h">
      <Filter>03.UI\GlobalUI</Filter>
    </ClInclude>
    <ClInclude Include="UI_NowPlayingSong.h">
      <Filter>03.UI\GlobalUI</Filter>
    </ClInclude>
    <ClInclude Include="WallHole.h">
      <Filter>02.Object\LevelObject\MainLevel2_3</Filter>
    </ClInclude>
    <ClInclude Include="FX_Explosion.h">
      <Filter>02.Object\FX</Filter>
    </ClInclude>
    <ClInclude Include="Pawn.h">
      <Filter>02.Object\Character</Filter>
    </ClInclude>
    <ClInclude Include="JobFolder.h">
      <Filter>02.Object\LevelObject</Filter>
    </ClInclude>
    <ClInclude Include="PinPointLight.h">
      <Filter>02.Object\LevelObject</Filter>
    </ClInclude>
    <ClInclude Include="Bullet.h">
      <Filter>02.Object\Character\CharacterSubObj</Filter>
    </ClInclude>
    <ClInclude Include="Character.h">
      <Filter>02.Object\Character</Filter>
    </ClInclude>
    <ClInclude Include="Player.h">
      <Filter>02.Object\Character\Player</Filter>
    </ClInclude>
    <ClInclude Include="ContentsCore.h">
      <Filter>00.Global</Filter>
    </ClInclude>
    <ClInclude Include="PreCompile.h">
      <Filter>00.Global</Filter>
    </ClInclude>
    <ClInclude Include="GameStateManager.h">
      <Filter>00.Global</Filter>
    </ClInclude>
    <ClInclude Include="BaseLevel.h">
      <Filter>01.Level</Filter>
    </ClInclude>
    <ClInclude Include="DebugWindow.h">
      <Filter>03.UI\DebugUI</Filter>
    </ClInclude>
    <ClInclude Include="HUD_Battery.h">
      <Filter>02.Object\Global\HUD</Filter>
    </ClInclude>
    <ClInclude Include="UI_HUD.h">
      <Filter>02.Object\Global\HUD</Filter>
    </ClInclude>
    <ClInclude Include="UI_StageClear.h">
      <Filter>03.UI\GlobalUI</Filter>
    </ClInclude>
    <ClInclude Include="EnemyAttack.h">
      <Filter>02.Object\Character\Enemy</Filter>
    </ClInclude>
    <ClInclude Include="Attack.h">
      <Filter>02.Object\Character\CharacterSubObj</Filter>
    </ClInclude>
    <ClInclude Include="Laser.h">
      <Filter>02.Object\LevelObject\MainLevel2_4</Filter>
    </ClInclude>
    <ClInclude Include="LaserGroup.h">
      <Filter>02.Object\LevelObject\MainLevel2_4</Filter>
    </ClInclude>
    <ClInclude Include="FloorTurret.h">
      <Filter>02.Object\LevelObject\MainLevel2_4</Filter>
    </ClInclude>
  </ItemGroup>
  <ItemGroup>
    <Filter Include="00.Global">
      <UniqueIdentifier>{71597012-1d39-4977-8f45-ec5a6617c936}</UniqueIdentifier>
    </Filter>
    <Filter Include="01.Level">
      <UniqueIdentifier>{c9a2e832-8d6b-49de-ac34-3e11f6f95c4b}</UniqueIdentifier>
    </Filter>
    <Filter Include="02.Object">
      <UniqueIdentifier>{5149ea30-97f1-47b8-922c-87826f277675}</UniqueIdentifier>
    </Filter>
    <Filter Include="03.UI">
      <UniqueIdentifier>{8bc2d497-3d7d-4fdd-8b11-c7474b470b29}</UniqueIdentifier>
    </Filter>
    <Filter Include="03.UI\Title">
      <UniqueIdentifier>{05c09327-e363-42f1-bf1b-dfea311d2de5}</UniqueIdentifier>
    </Filter>
    <Filter Include="02.Object\Interactable">
      <UniqueIdentifier>{fac7e2b1-252d-437e-b167-dd7c732b2457}</UniqueIdentifier>
    </Filter>
    <Filter Include="03.UI\GlobalUI">
      <UniqueIdentifier>{678e7d41-2586-4906-9304-b38290924abd}</UniqueIdentifier>
    </Filter>
    <Filter Include="03.UI\MainLevel2_1">
      <UniqueIdentifier>{6d41163e-e8a4-417d-ae85-e8797c3a1f48}</UniqueIdentifier>
    </Filter>
    <Filter Include="02.Object\FX">
      <UniqueIdentifier>{6a5e9dbd-6446-4363-91c6-ae922f71ecfa}</UniqueIdentifier>
    </Filter>
    <Filter Include="02.Object\Character">
      <UniqueIdentifier>{748d5560-990d-4a81-bf5f-c116d36c7ec4}</UniqueIdentifier>
    </Filter>
    <Filter Include="02.Object\Character\Player">
      <UniqueIdentifier>{6ffefeda-0f7d-4951-8bbb-972d67a5f3ae}</UniqueIdentifier>
    </Filter>
    <Filter Include="02.Object\LevelObject">
      <UniqueIdentifier>{d79338e1-230c-41e5-8dbe-4cf790c7b9f1}</UniqueIdentifier>
    </Filter>
    <Filter Include="02.Object\LevelObject\MainLevel2_3">
      <UniqueIdentifier>{57b7cc24-97ee-4d8a-b361-fb213808e841}</UniqueIdentifier>
    </Filter>
    <Filter Include="02.Object\Character\Enemy">
      <UniqueIdentifier>{0e83b130-3756-42a6-9a2c-3253ad1d983a}</UniqueIdentifier>
    </Filter>
    <Filter Include="02.Object\Character\CharacterSubObj">
      <UniqueIdentifier>{5a64b230-a83a-405d-aa2b-b452e9b73642}</UniqueIdentifier>
    </Filter>
    <Filter Include="03.UI\DebugUI">
      <UniqueIdentifier>{dddf8239-3a87-4959-a481-6a585acb7cf7}</UniqueIdentifier>
    </Filter>
    <Filter Include="02.Object\Global">
      <UniqueIdentifier>{04b41ada-4dc8-409b-8148-741c8f61087f}</UniqueIdentifier>
    </Filter>
    <Filter Include="02.Object\Global\HUD">
      <UniqueIdentifier>{c0818732-b23c-4948-9af8-aeb147d035ae}</UniqueIdentifier>
    </Filter>
    <Filter Include="02.Object\LevelObject\MainLevel2_4">
      <UniqueIdentifier>{ab60e927-dc2f-4d69-9510-9b2396981d49}</UniqueIdentifier>
    </Filter>
  </ItemGroup>
</Project>